{
  "name": "NPM",
  "lockfileVersion": 2,
  "requires": true,
  "packages": {
    "": {
      "dependencies": {
        "@fortawesome/fontawesome-free": "^5.15.4",
        "lightgallery": "^2.2.1"
      }
    },
    "node_modules/@fortawesome/fontawesome-free": {
      "version": "5.15.4",
      "resolved": "https://registry.npmjs.org/@fortawesome/fontawesome-free/-/fontawesome-free-5.15.4.tgz",
      "integrity": "sha512-eYm8vijH/hpzr/6/1CJ/V/Eb1xQFW2nnUKArb3z+yUWv7HTwj6M7SP957oMjfZjAHU6qpoNc2wQvIxBLWYa/Jg==",
      "hasInstallScript": true,
      "engines": {
        "node": ">=6"
      }
    },
    "node_modules/lightgallery": {
      "version": "2.2.1",
      "resolved": "https://registry.npmjs.org/lightgallery/-/lightgallery-2.2.1.tgz",
      "integrity": "sha512-6eDdqyQsQhxHYccMxWRNsHGkY1tITFHheR89ivlyQsDPYVt2yH/fIoJpipT1pMc8bCti/Pv7X0vU0QLMdnHehg==",
      "engines": {
        "node": ">=6.0.0"
      }
    }
  },
  "dependencies": {
    "@fortawesome/fontawesome-free": {
      "version": "5.15.4",
      "resolved": "https://registry.npmjs.org/@fortawesome/fontawesome-free/-/fontawesome-free-5.15.4.tgz",
      "integrity": "sha512-eYm8vijH/hpzr/6/1CJ/V/Eb1xQFW2nnUKArb3z+yUWv7HTwj6M7SP957oMjfZjAHU6qpoNc2wQvIxBLWYa/Jg=="
    },
    "lightgallery": {
      "version": "2.2.1",
      "resolved": "https://registry.npmjs.org/lightgallery/-/lightgallery-2.2.1.tgz",
      "integrity": "sha512-6eDdqyQsQhxHYccMxWRNsHGkY1tITFHheR89ivlyQsDPYVt2yH/fIoJpipT1pMc8bCti/Pv7X0vU0QLMdnHehg=="
    }
  }
}
